// !$*UTF8*$!
{
	archiveVersion = 1;
	classes = {
	};
	objectVersion = 46;
	objects = {

/* Begin PBXBuildFile section */
		494C2F6D1E4A594600B898F7 /* KarmanViewController.swift in Sources */ = {isa = PBXBuildFile; fileRef = 494C2F6C1E4A594600B898F7 /* KarmanViewController.swift */; };
		494C2F6F1E4A598900B898F7 /* KarmanVirvel.swift in Sources */ = {isa = PBXBuildFile; fileRef = 494C2F6E1E4A598900B898F7 /* KarmanVirvel.swift */; };
		497045DF1E58B35F008D1D5B /* tersband.swift in Sources */ = {isa = PBXBuildFile; fileRef = 497045DE1E58B35F008D1D5B /* tersband.swift */; };
		49959D7D1E171D640087E619 /* TalandeViewController.swift in Sources */ = {isa = PBXBuildFile; fileRef = 49959D7C1E171D640087E619 /* TalandeViewController.swift */; };
		49959D7F1E171D8A0087E619 /* Talande.swift in Sources */ = {isa = PBXBuildFile; fileRef = 49959D7E1E171D8A0087E619 /* Talande.swift */; };
		49D749261D90849200C3C097 /* Media.xcassets in Resources */ = {isa = PBXBuildFile; fileRef = 49D749251D90849200C3C097 /* Media.xcassets */; };
		49D9FF461EA696F30041EFD5 /* WeightingViewController.swift in Sources */ = {isa = PBXBuildFile; fileRef = 49D9FF451EA696F30041EFD5 /* WeightingViewController.swift */; };
		49D9FF481EA698340041EFD5 /* FrequencyWeighting.swift in Sources */ = {isa = PBXBuildFile; fileRef = 49D9FF471EA698340041EFD5 /* FrequencyWeighting.swift */; };
		49F7D5041DB01DD000625FF6 /* MatsFunktioner.swift in Sources */ = {isa = PBXBuildFile; fileRef = 49F7D5031DB01DD000625FF6 /* MatsFunktioner.swift */; };
		D294AC451C502AEF00B37E3D /* AppDelegate.swift in Sources */ = {isa = PBXBuildFile; fileRef = D294AC441C502AEF00B37E3D /* AppDelegate.swift */; };
		D294AC471C502AEF00B37E3D /* StartViewController.swift in Sources */ = {isa = PBXBuildFile; fileRef = D294AC461C502AEF00B37E3D /* StartViewController.swift */; };
		D294AC4A1C502AEF00B37E3D /* Main.storyboard in Resources */ = {isa = PBXBuildFile; fileRef = D294AC481C502AEF00B37E3D /* Main.storyboard */; };
		D294AC4F1C502AEF00B37E3D /* LaunchScreen.storyboard in Resources */ = {isa = PBXBuildFile; fileRef = D294AC4D1C502AEF00B37E3D /* LaunchScreen.storyboard */; };
		D294AC5B1C502CB700B37E3D /* ReduktionViewController.swift in Sources */ = {isa = PBXBuildFile; fileRef = D294AC581C502CB700B37E3D /* ReduktionViewController.swift */; };
		D294AC5C1C502CB700B37E3D /* InputSpektraViewController.swift in Sources */ = {isa = PBXBuildFile; fileRef = D294AC591C502CB700B37E3D /* InputSpektraViewController.swift */; };
		D294AC5D1C502CB700B37E3D /* Reduktion.swift in Sources */ = {isa = PBXBuildFile; fileRef = D294AC5A1C502CB700B37E3D /* Reduktion.swift */; };
		D294AC601C5031CE00B37E3D /* LombardViewController.swift in Sources */ = {isa = PBXBuildFile; fileRef = D294AC5F1C5031CE00B37E3D /* LombardViewController.swift */; };
		D294AC841C50389D00B37E3D /* BalkViewController.swift in Sources */ = {isa = PBXBuildFile; fileRef = D294AC821C50389D00B37E3D /* BalkViewController.swift */; };
		D294AC851C50389D00B37E3D /* BalkResonanser.swift in Sources */ = {isa = PBXBuildFile; fileRef = D294AC831C50389D00B37E3D /* BalkResonanser.swift */; };
		D294AC881C503C4200B37E3D /* LwToLpOutController.swift in Sources */ = {isa = PBXBuildFile; fileRef = D294AC871C503C4200B37E3D /* LwToLpOutController.swift */; };
		D294AC8A1C50404100B37E3D /* modelAkustik.swift in Sources */ = {isa = PBXBuildFile; fileRef = D294AC891C50404100B37E3D /* modelAkustik.swift */; };
		D2D843491C62532E00D2E811 /* LombardModel.swift in Sources */ = {isa = PBXBuildFile; fileRef = D2D843481C62532E00D2E811 /* LombardModel.swift */; };
		D2D8434C1C6256A000D2E811 /* KylViewController.swift in Sources */ = {isa = PBXBuildFile; fileRef = D2D8434B1C6256A000D2E811 /* KylViewController.swift */; };
		D2D8434E1C62589000D2E811 /* KylFrysModel.swift in Sources */ = {isa = PBXBuildFile; fileRef = D2D8434D1C62589000D2E811 /* KylFrysModel.swift */; };
/* End PBXBuildFile section */

/* Begin PBXFileReference section */
		494C2F6C1E4A594600B898F7 /* KarmanViewController.swift */ = {isa = PBXFileReference; fileEncoding = 4; lastKnownFileType = sourcecode.swift; path = KarmanViewController.swift; sourceTree = "<group>"; };
		494C2F6E1E4A598900B898F7 /* KarmanVirvel.swift */ = {isa = PBXFileReference; fileEncoding = 4; lastKnownFileType = sourcecode.swift; path = KarmanVirvel.swift; sourceTree = "<group>"; };
		497045DE1E58B35F008D1D5B /* tersband.swift */ = {isa = PBXFileReference; fileEncoding = 4; lastKnownFileType = sourcecode.swift; path = tersband.swift; sourceTree = "<group>"; };
		49959D7C1E171D640087E619 /* TalandeViewController.swift */ = {isa = PBXFileReference; fileEncoding = 4; lastKnownFileType = sourcecode.swift; name = TalandeViewController.swift; path = AkustikOne/TalandeViewController.swift; sourceTree = "<group>"; };
		49959D7E1E171D8A0087E619 /* Talande.swift */ = {isa = PBXFileReference; fileEncoding = 4; lastKnownFileType = sourcecode.swift; name = Talande.swift; path = AkustikOne/Talande.swift; sourceTree = "<group>"; };
		49D749251D90849200C3C097 /* Media.xcassets */ = {isa = PBXFileReference; lastKnownFileType = folder.assetcatalog; name = Media.xcassets; path = ../Media.xcassets; sourceTree = "<group>"; };
		49D9FF451EA696F30041EFD5 /* WeightingViewController.swift */ = {isa = PBXFileReference; fileEncoding = 4; lastKnownFileType = sourcecode.swift; path = WeightingViewController.swift; sourceTree = "<group>"; };
		49D9FF471EA698340041EFD5 /* FrequencyWeighting.swift */ = {isa = PBXFileReference; fileEncoding = 4; lastKnownFileType = sourcecode.swift; path = FrequencyWeighting.swift; sourceTree = "<group>"; };
		49F7D5031DB01DD000625FF6 /* MatsFunktioner.swift */ = {isa = PBXFileReference; fileEncoding = 4; lastKnownFileType = sourcecode.swift; path = MatsFunktioner.swift; sourceTree = "<group>"; };
		D294AC411C502AEF00B37E3D /* AkustikOne.app */ = {isa = PBXFileReference; explicitFileType = wrapper.application; includeInIndex = 0; path = AkustikOne.app; sourceTree = BUILT_PRODUCTS_DIR; };
		D294AC441C502AEF00B37E3D /* AppDelegate.swift */ = {isa = PBXFileReference; lastKnownFileType = sourcecode.swift; path = AppDelegate.swift; sourceTree = "<group>"; };
		D294AC461C502AEF00B37E3D /* StartViewController.swift */ = {isa = PBXFileReference; lastKnownFileType = sourcecode.swift; path = StartViewController.swift; sourceTree = "<group>"; };
		D294AC491C502AEF00B37E3D /* Base */ = {isa = PBXFileReference; lastKnownFileType = file.storyboard; name = Base; path = Base.lproj/Main.storyboard; sourceTree = "<group>"; };
		D294AC4E1C502AEF00B37E3D /* Base */ = {isa = PBXFileReference; lastKnownFileType = file.storyboard; name = Base; path = Base.lproj/LaunchScreen.storyboard; sourceTree = "<group>"; };
		D294AC501C502AEF00B37E3D /* Info.plist */ = {isa = PBXFileReference; lastKnownFileType = text.plist.xml; path = Info.plist; sourceTree = "<group>"; };
		D294AC581C502CB700B37E3D /* ReduktionViewController.swift */ = {isa = PBXFileReference; fileEncoding = 4; lastKnownFileType = sourcecode.swift; path = ReduktionViewController.swift; sourceTree = "<group>"; };
		D294AC591C502CB700B37E3D /* InputSpektraViewController.swift */ = {isa = PBXFileReference; fileEncoding = 4; lastKnownFileType = sourcecode.swift; path = InputSpektraViewController.swift; sourceTree = "<group>"; };
		D294AC5A1C502CB700B37E3D /* Reduktion.swift */ = {isa = PBXFileReference; fileEncoding = 4; lastKnownFileType = sourcecode.swift; path = Reduktion.swift; sourceTree = "<group>"; };
		D294AC5F1C5031CE00B37E3D /* LombardViewController.swift */ = {isa = PBXFileReference; fileEncoding = 4; lastKnownFileType = sourcecode.swift; path = LombardViewController.swift; sourceTree = "<group>"; };
		D294AC821C50389D00B37E3D /* BalkViewController.swift */ = {isa = PBXFileReference; fileEncoding = 4; lastKnownFileType = sourcecode.swift; path = BalkViewController.swift; sourceTree = "<group>"; };
		D294AC831C50389D00B37E3D /* BalkResonanser.swift */ = {isa = PBXFileReference; fileEncoding = 4; lastKnownFileType = sourcecode.swift; path = BalkResonanser.swift; sourceTree = "<group>"; };
		D294AC871C503C4200B37E3D /* LwToLpOutController.swift */ = {isa = PBXFileReference; fileEncoding = 4; lastKnownFileType = sourcecode.swift; path = LwToLpOutController.swift; sourceTree = "<group>"; };
		D294AC891C50404100B37E3D /* modelAkustik.swift */ = {isa = PBXFileReference; fileEncoding = 4; lastKnownFileType = sourcecode.swift; path = modelAkustik.swift; sourceTree = "<group>"; };
		D2D843481C62532E00D2E811 /* LombardModel.swift */ = {isa = PBXFileReference; fileEncoding = 4; lastKnownFileType = sourcecode.swift; path = LombardModel.swift; sourceTree = "<group>"; };
		D2D8434B1C6256A000D2E811 /* KylViewController.swift */ = {isa = PBXFileReference; fileEncoding = 4; lastKnownFileType = sourcecode.swift; path = KylViewController.swift; sourceTree = "<group>"; };
		D2D8434D1C62589000D2E811 /* KylFrysModel.swift */ = {isa = PBXFileReference; fileEncoding = 4; lastKnownFileType = sourcecode.swift; path = KylFrysModel.swift; sourceTree = "<group>"; };
/* End PBXFileReference section */

/* Begin PBXFrameworksBuildPhase section */
		D294AC3E1C502AEF00B37E3D /* Frameworks */ = {
			isa = PBXFrameworksBuildPhase;
			buildActionMask = 2147483647;
			files = (
			);
			runOnlyForDeploymentPostprocessing = 0;
		};
/* End PBXFrameworksBuildPhase section */

/* Begin PBXGroup section */
		494C2F701E4A59BF00B898F7 /* Virvel */ = {
			isa = PBXGroup;
			children = (
				494C2F6C1E4A594600B898F7 /* KarmanViewController.swift */,
				494C2F6E1E4A598900B898F7 /* KarmanVirvel.swift */,
			);
			name = Virvel;
			sourceTree = "<group>";
		};
		49959D7B1E171C810087E619 /* Talande */ = {
			isa = PBXGroup;
			children = (
				49959D7E1E171D8A0087E619 /* Talande.swift */,
				49959D7C1E171D640087E619 /* TalandeViewController.swift */,
			);
			name = Talande;
			path = ..;
			sourceTree = "<group>";
		};
		49D9FF491EA6984C0041EFD5 /* weighting */ = {
			isa = PBXGroup;
			children = (
				49D9FF451EA696F30041EFD5 /* WeightingViewController.swift */,
				49D9FF471EA698340041EFD5 /* FrequencyWeighting.swift */,
			);
			name = weighting;
			sourceTree = "<group>";
		};
		D294AC381C502AEF00B37E3D = {
			isa = PBXGroup;
			children = (
				D294AC431C502AEF00B37E3D /* AkustikOne */,
				D294AC421C502AEF00B37E3D /* Products */,
			);
			sourceTree = "<group>";
		};
		D294AC421C502AEF00B37E3D /* Products */ = {
			isa = PBXGroup;
			children = (
				D294AC411C502AEF00B37E3D /* AkustikOne.app */,
			);
			name = Products;
			sourceTree = "<group>";
		};
		D294AC431C502AEF00B37E3D /* AkustikOne */ = {
			isa = PBXGroup;
			children = (
				49D9FF491EA6984C0041EFD5 /* weighting */,
				49D749251D90849200C3C097 /* Media.xcassets */,
				D294AC461C502AEF00B37E3D /* StartViewController.swift */,
				D294AC481C502AEF00B37E3D /* Main.storyboard */,
				D294AC4D1C502AEF00B37E3D /* LaunchScreen.storyboard */,
				494C2F701E4A59BF00B898F7 /* Virvel */,
				49959D7B1E171C810087E619 /* Talande */,
				D2D8434A1C62562800D2E811 /* LjudKylFrys */,
				D294AC571C502C5B00B37E3D /* Rw */,
				D294AC5E1C5030C900B37E3D /* Lombard */,
				D294AC811C50385700B37E3D /* Balk */,
				D294AC861C503BEE00B37E3D /* LwToLpOut */,
				D294AC561C502BD100B37E3D /* Diverse */,
			);
			path = AkustikOne;
			sourceTree = "<group>";
		};
		D294AC561C502BD100B37E3D /* Diverse */ = {
			isa = PBXGroup;
			children = (
				D294AC441C502AEF00B37E3D /* AppDelegate.swift */,
				D294AC501C502AEF00B37E3D /* Info.plist */,
				49F7D5031DB01DD000625FF6 /* MatsFunktioner.swift */,
			);
			name = Diverse;
			sourceTree = "<group>";
		};
		D294AC571C502C5B00B37E3D /* Rw */ = {
			isa = PBXGroup;
			children = (
				D294AC581C502CB700B37E3D /* ReduktionViewController.swift */,
				D294AC591C502CB700B37E3D /* InputSpektraViewController.swift */,
				D294AC5A1C502CB700B37E3D /* Reduktion.swift */,
				497045DE1E58B35F008D1D5B /* tersband.swift */,
			);
			name = Rw;
			path = AkustikOne;
			sourceTree = SOURCE_ROOT;
		};
		D294AC5E1C5030C900B37E3D /* Lombard */ = {
			isa = PBXGroup;
			children = (
				D294AC5F1C5031CE00B37E3D /* LombardViewController.swift */,
				D2D843481C62532E00D2E811 /* LombardModel.swift */,
			);
			name = Lombard;
			path = AkustikOne;
			sourceTree = SOURCE_ROOT;
		};
		D294AC811C50385700B37E3D /* Balk */ = {
			isa = PBXGroup;
			children = (
				D294AC821C50389D00B37E3D /* BalkViewController.swift */,
				D294AC831C50389D00B37E3D /* BalkResonanser.swift */,
			);
			name = Balk;
			sourceTree = "<group>";
		};
		D294AC861C503BEE00B37E3D /* LwToLpOut */ = {
			isa = PBXGroup;
			children = (
				D294AC871C503C4200B37E3D /* LwToLpOutController.swift */,
				D294AC891C50404100B37E3D /* modelAkustik.swift */,
			);
			name = LwToLpOut;
			sourceTree = "<group>";
		};
		D2D8434A1C62562800D2E811 /* LjudKylFrys */ = {
			isa = PBXGroup;
			children = (
				D2D8434B1C6256A000D2E811 /* KylViewController.swift */,
				D2D8434D1C62589000D2E811 /* KylFrysModel.swift */,
			);
			name = LjudKylFrys;
			sourceTree = "<group>";
		};
/* End PBXGroup section */

/* Begin PBXNativeTarget section */
		D294AC401C502AEF00B37E3D /* AkustikOne */ = {
			isa = PBXNativeTarget;
			buildConfigurationList = D294AC531C502AEF00B37E3D /* Build configuration list for PBXNativeTarget "AkustikOne" */;
			buildPhases = (
				D294AC3D1C502AEF00B37E3D /* Sources */,
				D294AC3E1C502AEF00B37E3D /* Frameworks */,
				D294AC3F1C502AEF00B37E3D /* Resources */,
			);
			buildRules = (
			);
			dependencies = (
			);
			name = AkustikOne;
			productName = AkustikOne;
			productReference = D294AC411C502AEF00B37E3D /* AkustikOne.app */;
			productType = "com.apple.product-type.application";
		};
/* End PBXNativeTarget section */

/* Begin PBXProject section */
		D294AC391C502AEF00B37E3D /* Project object */ = {
			isa = PBXProject;
			attributes = {
				LastSwiftUpdateCheck = 0720;
				LastUpgradeCheck = 0800;
				ORGANIZATIONNAME = "Mats Hammarqvist";
				TargetAttributes = {
					D294AC401C502AEF00B37E3D = {
						CreatedOnToolsVersion = 7.2;
						DevelopmentTeam = F6VSMN9TJS;
						LastSwiftMigration = 0800;
					};
				};
			};
			buildConfigurationList = D294AC3C1C502AEF00B37E3D /* Build configuration list for PBXProject "AkustikOne" */;
			compatibilityVersion = "Xcode 3.2";
			developmentRegion = English;
			hasScannedForEncodings = 0;
			knownRegions = (
				en,
				Base,
			);
			mainGroup = D294AC381C502AEF00B37E3D;
			productRefGroup = D294AC421C502AEF00B37E3D /* Products */;
			projectDirPath = "";
			projectRoot = "";
			targets = (
				D294AC401C502AEF00B37E3D /* AkustikOne */,
			);
		};
/* End PBXProject section */

/* Begin PBXResourcesBuildPhase section */
		D294AC3F1C502AEF00B37E3D /* Resources */ = {
			isa = PBXResourcesBuildPhase;
			buildActionMask = 2147483647;
			files = (
				D294AC4F1C502AEF00B37E3D /* LaunchScreen.storyboard in Resources */,
				49D749261D90849200C3C097 /* Media.xcassets in Resources */,
				D294AC4A1C502AEF00B37E3D /* Main.storyboard in Resources */,
			);
			runOnlyForDeploymentPostprocessing = 0;
		};
/* End PBXResourcesBuildPhase section */

/* Begin PBXSourcesBuildPhase section */
		D294AC3D1C502AEF00B37E3D /* Sources */ = {
			isa = PBXSourcesBuildPhase;
			buildActionMask = 2147483647;
			files = (
				D294AC881C503C4200B37E3D /* LwToLpOutController.swift in Sources */,
				494C2F6F1E4A598900B898F7 /* KarmanVirvel.swift in Sources */,
				49959D7F1E171D8A0087E619 /* Talande.swift in Sources */,
				497045DF1E58B35F008D1D5B /* tersband.swift in Sources */,
				D294AC841C50389D00B37E3D /* BalkViewController.swift in Sources */,
				D294AC8A1C50404100B37E3D /* modelAkustik.swift in Sources */,
				D294AC851C50389D00B37E3D /* BalkResonanser.swift in Sources */,
				D294AC601C5031CE00B37E3D /* LombardViewController.swift in Sources */,
				D294AC5C1C502CB700B37E3D /* InputSpektraViewController.swift in Sources */,
				D294AC5D1C502CB700B37E3D /* Reduktion.swift in Sources */,
				D294AC471C502AEF00B37E3D /* StartViewController.swift in Sources */,
				494C2F6D1E4A594600B898F7 /* KarmanViewController.swift in Sources */,
				D294AC5B1C502CB700B37E3D /* ReduktionViewController.swift in Sources */,
				49D9FF461EA696F30041EFD5 /* WeightingViewController.swift in Sources */,
				D2D8434E1C62589000D2E811 /* KylFrysModel.swift in Sources */,
				D2D8434C1C6256A000D2E811 /* KylViewController.swift in Sources */,
				D294AC451C502AEF00B37E3D /* AppDelegate.swift in Sources */,
				49D9FF481EA698340041EFD5 /* FrequencyWeighting.swift in Sources */,
				49959D7D1E171D640087E619 /* TalandeViewController.swift in Sources */,
				D2D843491C62532E00D2E811 /* LombardModel.swift in Sources */,
				49F7D5041DB01DD000625FF6 /* MatsFunktioner.swift in Sources */,
			);
			runOnlyForDeploymentPostprocessing = 0;
		};
/* End PBXSourcesBuildPhase section */

/* Begin PBXVariantGroup section */
		D294AC481C502AEF00B37E3D /* Main.storyboard */ = {
			isa = PBXVariantGroup;
			children = (
				D294AC491C502AEF00B37E3D /* Base */,
			);
			name = Main.storyboard;
			sourceTree = "<group>";
		};
		D294AC4D1C502AEF00B37E3D /* LaunchScreen.storyboard */ = {
			isa = PBXVariantGroup;
			children = (
				D294AC4E1C502AEF00B37E3D /* Base */,
			);
			name = LaunchScreen.storyboard;
			sourceTree = "<group>";
		};
/* End PBXVariantGroup section */

/* Begin XCBuildConfiguration section */
		D294AC511C502AEF00B37E3D /* Debug */ = {
			isa = XCBuildConfiguration;
			buildSettings = {
				ALWAYS_SEARCH_USER_PATHS = NO;
				CLANG_CXX_LANGUAGE_STANDARD = "gnu++0x";
				CLANG_CXX_LIBRARY = "libc++";
				CLANG_ENABLE_MODULES = YES;
				CLANG_ENABLE_OBJC_ARC = YES;
				CLANG_WARN_BOOL_CONVERSION = YES;
				CLANG_WARN_CONSTANT_CONVERSION = YES;
				CLANG_WARN_DIRECT_OBJC_ISA_USAGE = YES_ERROR;
				CLANG_WARN_EMPTY_BODY = YES;
				CLANG_WARN_ENUM_CONVERSION = YES;
				CLANG_WARN_INFINITE_RECURSION = YES;
				CLANG_WARN_INT_CONVERSION = YES;
				CLANG_WARN_OBJC_ROOT_CLASS = YES_ERROR;
				CLANG_WARN_SUSPICIOUS_MOVE = YES;
				CLANG_WARN_UNREACHABLE_CODE = YES;
				CLANG_WARN__DUPLICATE_METHOD_MATCH = YES;
				"CODE_SIGN_IDENTITY[sdk=iphoneos*]" = "iPhone Developer";
				COPY_PHASE_STRIP = NO;
				DEBUG_INFORMATION_FORMAT = dwarf;
				ENABLE_STRICT_OBJC_MSGSEND = YES;
				ENABLE_TESTABILITY = YES;
				GCC_C_LANGUAGE_STANDARD = gnu99;
				GCC_DYNAMIC_NO_PIC = NO;
				GCC_NO_COMMON_BLOCKS = YES;
				GCC_OPTIMIZATION_LEVEL = 0;
				GCC_PREPROCESSOR_DEFINITIONS = (
					"DEBUG=1",
					"$(inherited)",
				);
				GCC_WARN_64_TO_32_BIT_CONVERSION = YES;
				GCC_WARN_ABOUT_RETURN_TYPE = YES_ERROR;
				GCC_WARN_UNDECLARED_SELECTOR = YES;
				GCC_WARN_UNINITIALIZED_AUTOS = YES_AGGRESSIVE;
				GCC_WARN_UNUSED_FUNCTION = YES;
				GCC_WARN_UNUSED_VARIABLE = YES;
				IPHONEOS_DEPLOYMENT_TARGET = 9.2;
				MTL_ENABLE_DEBUG_INFO = YES;
				ONLY_ACTIVE_ARCH = YES;
				SDKROOT = iphoneos;
				SWIFT_OPTIMIZATION_LEVEL = "-Onone";
				TARGETED_DEVICE_FAMILY = "1,2";
			};
			name = Debug;
		};
		D294AC521C502AEF00B37E3D /* Release */ = {
			isa = XCBuildConfiguration;
			buildSettings = {
				ALWAYS_SEARCH_USER_PATHS = NO;
				CLANG_CXX_LANGUAGE_STANDARD = "gnu++0x";
				CLANG_CXX_LIBRARY = "libc++";
				CLANG_ENABLE_MODULES = YES;
				CLANG_ENABLE_OBJC_ARC = YES;
				CLANG_WARN_BOOL_CONVERSION = YES;
				CLANG_WARN_CONSTANT_CONVERSION = YES;
				CLANG_WARN_DIRECT_OBJC_ISA_USAGE = YES_ERROR;
				CLANG_WARN_EMPTY_BODY = YES;
				CLANG_WARN_ENUM_CONVERSION = YES;
				CLANG_WARN_INFINITE_RECURSION = YES;
				CLANG_WARN_INT_CONVERSION = YES;
				CLANG_WARN_OBJC_ROOT_CLASS = YES_ERROR;
				CLANG_WARN_SUSPICIOUS_MOVE = YES;
				CLANG_WARN_UNREACHABLE_CODE = YES;
				CLANG_WARN__DUPLICATE_METHOD_MATCH = YES;
				"CODE_SIGN_IDENTITY[sdk=iphoneos*]" = "iPhone Developer";
				COPY_PHASE_STRIP = NO;
				DEBUG_INFORMATION_FORMAT = "dwarf-with-dsym";
				ENABLE_NS_ASSERTIONS = NO;
				ENABLE_STRICT_OBJC_MSGSEND = YES;
				GCC_C_LANGUAGE_STANDARD = gnu99;
				GCC_NO_COMMON_BLOCKS = YES;
				GCC_WARN_64_TO_32_BIT_CONVERSION = YES;
				GCC_WARN_ABOUT_RETURN_TYPE = YES_ERROR;
				GCC_WARN_UNDECLARED_SELECTOR = YES;
				GCC_WARN_UNINITIALIZED_AUTOS = YES_AGGRESSIVE;
				GCC_WARN_UNUSED_FUNCTION = YES;
				GCC_WARN_UNUSED_VARIABLE = YES;
				IPHONEOS_DEPLOYMENT_TARGET = 9.2;
				MTL_ENABLE_DEBUG_INFO = NO;
				SDKROOT = iphoneos;
				SWIFT_OPTIMIZATION_LEVEL = "-Owholemodule";
				TARGETED_DEVICE_FAMILY = "1,2";
				VALIDATE_PRODUCT = YES;
			};
			name = Release;
		};
		D294AC541C502AEF00B37E3D /* Debug */ = {
			isa = XCBuildConfiguration;
			buildSettings = {
				ASSETCATALOG_COMPILER_APPICON_NAME = AppIcon;
				DEVELOPMENT_TEAM = F6VSMN9TJS;
				INFOPLIST_FILE = AkustikOne/Info.plist;
				LD_RUNPATH_SEARCH_PATHS = "$(inherited) @executable_path/Frameworks";
				PRODUCT_BUNDLE_IDENTIFIER = se.comhem.hammarqvist.mats.AkustikOne;
				PRODUCT_NAME = "$(TARGET_NAME)";
				SWIFT_VERSION = 3.0;
				TARGETED_DEVICE_FAMILY = 1;
			};
			name = Debug;
		};
		D294AC551C502AEF00B37E3D /* Release */ = {
			isa = XCBuildConfiguration;
			buildSettings = {
				ASSETCATALOG_COMPILER_APPICON_NAME = AppIcon;
				DEVELOPMENT_TEAM = F6VSMN9TJS;
				INFOPLIST_FILE = AkustikOne/Info.plist;
				LD_RUNPATH_SEARCH_PATHS = "$(inherited) @executable_path/Frameworks";
				PRODUCT_BUNDLE_IDENTIFIER = se.comhem.hammarqvist.mats.AkustikOne;
				PRODUCT_NAME = "$(TARGET_NAME)";
				SWIFT_VERSION = 3.0;
				TARGETED_DEVICE_FAMILY = 1;
			};
			name = Release;
		};
/* End XCBuildConfiguration section */

/* Begin XCConfigurationList section */
		D294AC3C1C502AEF00B37E3D /* Build configuration list for PBXProject "AkustikOne" */ = {
			isa = XCConfigurationList;
			buildConfigurations = (
				D294AC511C502AEF00B37E3D /* Debug */,
				D294AC521C502AEF00B37E3D /* Release */,
			);
			defaultConfigurationIsVisible = 0;
			defaultConfigurationName = Release;
		};
		D294AC531C502AEF00B37E3D /* Build configuration list for PBXNativeTarget "AkustikOne" */ = {
			isa = XCConfigurationList;
			buildConfigurations = (
				D294AC541C502AEF00B37E3D /* Debug */,
				D294AC551C502AEF00B37E3D /* Release */,
			);
			defaultConfigurationIsVisible = 0;
			defaultConfigurationName = Release;
		};
/* End XCConfigurationList section */
	};
	rootObject = D294AC391C502AEF00B37E3D /* Project object */;
}
